github.com/davecgh/go-spew v1.1.0 h1:ZDRjVQ15GmhC3fiQ8ni8+OwkZQO4DARzQgrnXU1Liz8=
github.com/davecgh/go-spew v1.1.0/go.mod h1:J7Y8YcW2NihsgmVo/mv3lAwl/skON4iLHjSsI+c5H38=
github.com/deiu/gon3 v0.0.0-20170627184619-f84eb1e0bd62 h1:dIxgaSfI7XxKvw4cVntS02TIHg3APMToZo62oM1uSNo=
github.com/deiu/gon3 v0.0.0-20170627184619-f84eb1e0bd62/go.mod h1:9NkyS0HR4Tqu0VuChFnThvfn2xvgA7Y/ZOS4gnO8jeo=
github.com/kiivihal/gojsonld v0.0.0-20201006115110-4ae92c75b422 h1:PBMZ2wNutq2FJed8Y26QdJTHeAZs4cy7ZQTLJCnlo+g=
github.com/kiivihal/gojsonld v0.0.0-20201006115110-4ae92c75b422/go.mod h1:wSjqV6/e30tMha0bQdUC3Gx5A7c2TUbMsh0FgCUTVos=
github.com/linkeddata/gojsonld v0.0.0-20170418210642-4f5db6791326 h1:YP3lfXXYiQV5MKeUqVnxRP5uuMQTLPx+PGYm1UBoU98=
github.com/linkeddata/gojsonld v0.0.0-20170418210642-4f5db6791326/go.mod h1:nfqkuSNlsk1bvti/oa7TThx4KmRMBmSxf3okHI9wp3E=
github.com/onsi/ginkgo v1.4.0 h1:n60/4GZK0Sr9O2iuGKq876Aoa0ER2ydgpMOBwzJ8e2c=
github.com/onsi/ginkgo v1.4.0/go.mod h1:lLunBs/Ym6LB5Z9jYTR76FiuTmxDTDusOGeTQH+WWjE=
github.com/onsi/gomega v1.3.0 h1:yPHEatyQC4jN3vdfvqJXG7O9vfC6LhaAV1NEdYpP+h0=
github.com/onsi/gomega v1.3.0/go.mod h1:C1qb7wdrVGGVU+Z6iS04AVkA3Q65CEZX59MT0QO5uiA=
github.com/pmezard/go-difflib v1.0.0 h1:4DBwDE0NGyQoBHbLQYPwSUPoCMWR5BEzIk/f1lZbAQM=
github.com/pmezard/go-difflib v1.0.0/go.mod h1:iKH77koFhYxTK1pcRnkKkqfTogsbg7gZNVY4sRDYZ/4=
github.com/rychipman/easylex v0.0.0-20160129204217-49ee7767142f h1:L2/fBPABieQnQzfV40k2Zw7IcvZbt0CN5TgwUl8zDCs=
github.com/rychipman/easylex v0.0.0-20160129204217-49ee7767142f/go.mod h1:MZ2GRTcqmve6EoSbErWgCR+Ash4p8Gc5esHe8MDErss=
github.com/stretchr/testify v1.2.1 h1:52QO5WkIUcHGIR7EnGagH88x1bUzqGXTC5/1bDTUQ7U=
github.com/stretchr/testify v1.2.1/go.mod h1:a8OnRcib4nhh0OaRAV+Yts87kKdq0PP7pXfy6kDkUVs=
golang.org/x/net v0.0.0-20180418062111-d41e8174641f h1:tjcOs1O1Wx/iE6xMt3j3HE6+OUjdqiwvSpcgM5YjGRk=
golang.org/x/net v0.0.0-20180418062111-d41e8174641f/go.mod h1:mL1N/T3taQHkDXs73rZJwtUhF3w3ftmwwsq0BUmARs4=
golang.org/x/sys v0.0.0-20180418180225-9b0060990840/go.mod h1:STP8DvDyc/dI5b8T5hshtkjS+E42TnysNCUPdjciGhY=
golang.org/x/text v0.3.0 h1:g61tztE5qeGQ89tm6NTjjM9VPIm088od1l6aSorWRWg=
golang.org/x/text v0.3.0/go.mod h1:NqM8EUOU14njkJ3fqMW+pc6Ldnwhi/IjpwHt7yyuwOQ=
gopkg.in/check.v1 v0.0.0-20161208181325-20d25e280405/go.mod h1:Co6ibVJAznAaIkqp8huTwlJQCZ016jof/cbN4VW5Yz0=
gopkg.in/yaml.v2 v2.2.1 h1:mUhvW9EsL+naU5Q3cakzfE91YhliOondGd6ZrsDBHQE=
gopkg.in/yaml.v2 v2.2.1/go.mod h1:hI93XBmqTisBFMUTm0b8Fm+jr3Dg1NNxqwp+5A1VGuI=
